<Solution>
  <Folder Name="/Core/">
    <Project Path="src/AoE.Core/AoE.Core.csproj" />
  </Folder>
  <Folder Name="/Tests/">
    <Project Path="tests/AoE.Tests/AoE.Tests.csproj" />
  </Folder>
  <Folder Name="/Demo/">
    <Project Path="demo/DemoApp.csproj" />
  </Folder>
  <Folder Name="/AgeOfEmpiresClone/">
    <Project Path="AgeOfEmpiresClone/AgeOfEmpiresClone.Core/AgeOfEmpiresClone.Core.csproj" />
    <Project Path="AgeOfEmpiresClone/AgeOfEmpiresClone.DesktopGL/AgeOfEmpiresClone.DesktopGL.csproj" />
    <Project Path="AgeOfEmpiresClone/AgeOfEmpiresClone.WindowsDX/AgeOfEmpiresClone.WindowsDX.csproj" />
  </Folder>
</Solution>
